
Microsoft Visual Studio Solution File, Format Version 12.00
# Visual Studio 2012
Project("{FAE04EC0-301F-11D3-BF4B-00C04F79EFBC}") = "Steam.Lite", "Steam.Lite.csproj", "{1E9DC998-66C7-4388-BE5E-D1ECEF841380}"
EndProject
Global
	GlobalSection(SolutionConfigurationPlatforms) = preSolution
		Debug|Any CPU = Debug|Any CPU
		Release|Any CPU = Release|Any CPU
	EndGlobalSection
	GlobalSection(ProjectConfigurationPlatforms) = postSolution
		{1E9DC998-66C7-4388-BE5E-D1ECEF841380}.Debug|Any CPU.ActiveCfg = Debug|Any CPU
		{1E9DC998-66C7-4388-BE5E-D1ECEF841380}.Debug|Any CPU.Build.0 = Debug|Any CPU
		{1E9DC998-66C7-4388-BE5E-D1ECEF841380}.Release|Any CPU.ActiveCfg = Release|Any CPU
		{1E9DC998-66C7-4388-BE5E-D1ECEF841380}.Release|Any CPU.Build.0 = Release|Any CPU
	EndGlobalSection
EndGlobal
